// !$*UTF8*$!
{
	archiveVersion = 1;
	classes = {
	};
	objectVersion = 46;
	objects = {

/* Begin PBXBuildFile section */
		FABFCB9D197211810093E1E1 /* main.swift in Sources */ = {isa = PBXBuildFile; fileRef = FABFCB9C197211810093E1E1 /* main.swift */; };
		FABFCBA4197211EE0093E1E1 /* Vector.swift in Sources */ = {isa = PBXBuildFile; fileRef = FABFCBA3197211EE0093E1E1 /* Vector.swift */; };
		FABFCBA6197213700093E1E1 /* Particle.swift in Sources */ = {isa = PBXBuildFile; fileRef = FABFCBA5197213700093E1E1 /* Particle.swift */; };
/* End PBXBuildFile section */

/* Begin PBXCopyFilesBuildPhase section */
		FABFCB97197211810093E1E1 /* CopyFiles */ = {
			isa = PBXCopyFilesBuildPhase;
			buildActionMask = 2147483647;
			dstPath = /usr/share/man/man1/;
			dstSubfolderSpec = 0;
			files = (
			);
			runOnlyForDeploymentPostprocessing = 1;
		};
/* End PBXCopyFilesBuildPhase section */

/* Begin PBXFileReference section */
		FABFCB99197211810093E1E1 /* force-field */ = {isa = PBXFileReference; explicitFileType = "compiled.mach-o.executable"; includeInIndex = 0; path = "force-field"; sourceTree = BUILT_PRODUCTS_DIR; };
		FABFCB9C197211810093E1E1 /* main.swift */ = {isa = PBXFileReference; lastKnownFileType = sourcecode.swift; path = main.swift; sourceTree = "<group>"; };
		FABFCBA3197211EE0093E1E1 /* Vector.swift */ = {isa = PBXFileReference; fileEncoding = 4; lastKnownFileType = sourcecode.swift; path = Vector.swift; sourceTree = "<group>"; };
		FABFCBA5197213700093E1E1 /* Particle.swift */ = {isa = PBXFileReference; fileEncoding = 4; lastKnownFileType = sourcecode.swift; path = Particle.swift; sourceTree = "<group>"; };
/* End PBXFileReference section */

/* Begin PBXFrameworksBuildPhase section */
		FABFCB96197211810093E1E1 /* Frameworks */ = {
			isa = PBXFrameworksBuildPhase;
			buildActionMask = 2147483647;
			files = (
			);
			runOnlyForDeploymentPostprocessing = 0;
		};
/* End PBXFrameworksBuildPhase section */

/* Begin PBXGroup section */
		FABFCB90197211810093E1E1 = {
			isa = PBXGroup;
			children = (
				FABFCB9B197211810093E1E1 /* force-field */,
				FABFCB9A197211810093E1E1 /* Products */,
			);
			sourceTree = "<group>";
		};
		FABFCB9A197211810093E1E1 /* Products */ = {
			isa = PBXGroup;
			children = (
				FABFCB99197211810093E1E1 /* force-field */,
			);
			name = Products;
			sourceTree = "<group>";
		};
		FABFCB9B197211810093E1E1 /* force-field */ = {
			isa = PBXGroup;
			children = (
				FABFCB9C197211810093E1E1 /* main.swift */,
				FABFCBA3197211EE0093E1E1 /* Vector.swift */,
				FABFCBA5197213700093E1E1 /* Particle.swift */,
			);
			path = "force-field";
			sourceTree = "<group>";
		};
/* End PBXGroup section */

/* Begin PBXNativeTarget section */
		FABFCB98197211810093E1E1 /* force-field */ = {
			isa = PBXNativeTarget;
			buildConfigurationList = FABFCBA0197211810093E1E1 /* Build configuration list for PBXNativeTarget "force-field" */;
			buildPhases = (
				FABFCB95197211810093E1E1 /* Sources */,
				FABFCB96197211810093E1E1 /* Frameworks */,
				FABFCB97197211810093E1E1 /* CopyFiles */,
			);
			buildRules = (
			);
			dependencies = (
			);
			name = "force-field";
			productName = "force-field";
			productReference = FABFCB99197211810093E1E1 /* force-field */;
			productType = "com.apple.product-type.tool";
		};
/* End PBXNativeTarget section */

/* Begin PBXProject section */
		FABFCB91197211810093E1E1 /* Project object */ = {
			isa = PBXProject;
			attributes = {
				LastUpgradeCheck = 0600;
				ORGANIZATIONNAME = "Alex Nichol";
				TargetAttributes = {
					FABFCB98197211810093E1E1 = {
						CreatedOnToolsVersion = 6.0;
					};
				};
			};
			buildConfigurationList = FABFCB94197211810093E1E1 /* Build configuration list for PBXProject "force-field" */;
			compatibilityVersion = "Xcode 3.2";
			developmentRegion = English;
			hasScannedForEncodings = 0;
			knownRegions = (
				en,
			);
			mainGroup = FABFCB90197211810093E1E1;
			productRefGroup = FABFCB9A197211810093E1E1 /* Products */;
			projectDirPath = "";
			projectRoot = "";
			targets = (
				FABFCB98197211810093E1E1 /* force-field */,
			);
		};
/* End PBXProject section */

/* Begin PBXSourcesBuildPhase section */
		FABFCB95197211810093E1E1 /* Sources */ = {
			isa = PBXSourcesBuildPhase;
			buildActionMask = 2147483647;
			files = (
				FABFCBA4197211EE0093E1E1 /* Vector.swift in Sources */,
				FABFCBA6197213700093E1E1 /* Particle.swift in Sources */,
				FABFCB9D197211810093E1E1 /* main.swift in Sources */,
			);
			runOnlyForDeploymentPostprocessing = 0;
		};
/* End PBXSourcesBuildPhase section */

/* Begin XCBuildConfiguration section */
		FABFCB9E197211810093E1E1 /* Debug */ = {
			isa = XCBuildConfiguration;
			buildSettings = {
				ALWAYS_SEARCH_USER_PATHS = NO;
				CLANG_CXX_LANGUAGE_STANDARD = "gnu++0x";
				CLANG_CXX_LIBRARY = "libc++";
				CLANG_ENABLE_MODULES = YES;
				CLANG_ENABLE_OBJC_ARC = YES;
				CLANG_WARN_BOOL_CONVERSION = YES;
				CLANG_WARN_CONSTANT_CONVERSION = YES;
				CLANG_WARN_DIRECT_OBJC_ISA_USAGE = YES_ERROR;
				CLANG_WARN_EMPTY_BODY = YES;
				CLANG_WARN_ENUM_CONVERSION = YES;
				CLANG_WARN_INT_CONVERSION = YES;
				CLANG_WARN_OBJC_ROOT_CLASS = YES_ERROR;
				CLANG_WARN_UNREACHABLE_CODE = YES;
				CLANG_WARN__DUPLICATE_METHOD_MATCH = YES;
				COPY_PHASE_STRIP = NO;
				ENABLE_STRICT_OBJC_MSGSEND = YES;
				GCC_C_LANGUAGE_STANDARD = gnu99;
				GCC_DYNAMIC_NO_PIC = NO;
				GCC_OPTIMIZATION_LEVEL = 0;
				GCC_PREPROCESSOR_DEFINITIONS = (
					"DEBUG=1",
					"$(inherited)",
				);
				GCC_SYMBOLS_PRIVATE_EXTERN = NO;
				GCC_WARN_64_TO_32_BIT_CONVERSION = YES;
				GCC_WARN_ABOUT_RETURN_TYPE = YES_ERROR;
				GCC_WARN_UNDECLARED_SELECTOR = YES;
				GCC_WARN_UNINITIALIZED_AUTOS = YES_AGGRESSIVE;
				GCC_WARN_UNUSED_FUNCTION = YES;
				GCC_WARN_UNUSED_VARIABLE = YES;
				MACOSX_DEPLOYMENT_TARGET = 10.9;
				MTL_ENABLE_DEBUG_INFO = YES;
				ONLY_ACTIVE_ARCH = YES;
				SDKROOT = macosx;
				SWIFT_OPTIMIZATION_LEVEL = "-Onone";
			};
			name = Debug;
		};
		FABFCB9F197211810093E1E1 /* Release */ = {
			isa = XCBuildConfiguration;
			buildSettings = {
				ALWAYS_SEARCH_USER_PATHS = NO;
				CLANG_CXX_LANGUAGE_STANDARD = "gnu++0x";
				CLANG_CXX_LIBRARY = "libc++";
				CLANG_ENABLE_MODULES = YES;
				CLANG_ENABLE_OBJC_ARC = YES;
				CLANG_WARN_BOOL_CONVERSION = YES;
				CLANG_WARN_CONSTANT_CONVERSION = YES;
				CLANG_WARN_DIRECT_OBJC_ISA_USAGE = YES_ERROR;
				CLANG_WARN_EMPTY_BODY = YES;
				CLANG_WARN_ENUM_CONVERSION = YES;
				CLANG_WARN_INT_CONVERSION = YES;
				CLANG_WARN_OBJC_ROOT_CLASS = YES_ERROR;
				CLANG_WARN_UNREACHABLE_CODE = YES;
				CLANG_WARN__DUPLICATE_METHOD_MATCH = YES;
				COPY_PHASE_STRIP = YES;
				DEBUG_INFORMATION_FORMAT = "dwarf-with-dsym";
				ENABLE_NS_ASSERTIONS = NO;
				ENABLE_STRICT_OBJC_MSGSEND = YES;
				GCC_C_LANGUAGE_STANDARD = gnu99;
				GCC_WARN_64_TO_32_BIT_CONVERSION = YES;
				GCC_WARN_ABOUT_RETURN_TYPE = YES_ERROR;
				GCC_WARN_UNDECLARED_SELECTOR = YES;
				GCC_WARN_UNINITIALIZED_AUTOS = YES_AGGRESSIVE;
				GCC_WARN_UNUSED_FUNCTION = YES;
				GCC_WARN_UNUSED_VARIABLE = YES;
				MACOSX_DEPLOYMENT_TARGET = 10.9;
				MTL_ENABLE_DEBUG_INFO = NO;
				SDKROOT = macosx;
			};
			name = Release;
		};
		FABFCBA1197211810093E1E1 /* Debug */ = {
			isa = XCBuildConfiguration;
			buildSettings = {
				GCC_OPTIMIZATION_LEVEL = fast;
				PRODUCT_NAME = "$(TARGET_NAME)";
				SWIFT_OPTIMIZATION_LEVEL = "-Ounchecked";
			};
			name = Debug;
		};
		FABFCBA2197211810093E1E1 /* Release */ = {
			isa = XCBuildConfiguration;
			buildSettings = {
				GCC_OPTIMIZATION_LEVEL = fast;
				PRODUCT_NAME = "$(TARGET_NAME)";
				SWIFT_OPTIMIZATION_LEVEL = "-Ounchecked";
			};
			name = Release;
		};
/* End XCBuildConfiguration section */

/* Begin XCConfigurationList section */
		FABFCB94197211810093E1E1 /* Build configuration list for PBXProject "force-field" */ = {
			isa = XCConfigurationList;
			buildConfigurations = (
				FABFCB9E197211810093E1E1 /* Debug */,
				FABFCB9F197211810093E1E1 /* Release */,
			);
			defaultConfigurationIsVisible = 0;
			defaultConfigurationName = Release;
		};
		FABFCBA0197211810093E1E1 /* Build configuration list for PBXNativeTarget "force-field" */ = {
			isa = XCConfigurationList;
			buildConfigurations = (
				FABFCBA1197211810093E1E1 /* Debug */,
				FABFCBA2197211810093E1E1 /* Release */,
			);
			defaultConfigurationIsVisible = 0;
			defaultConfigurationName = Release;
		};
/* End XCConfigurationList section */
	};
	rootObject = FABFCB91197211810093E1E1 /* Project object */;
}
